// !$*UTF8*$!
{
	archiveVersion = 1;
	classes = {
	};
	objectVersion = 50;
	objects = {

/* Begin PBXBuildFile section */
		6B2EBE1E26601349003E3784 /* ArmazenamentoViagens.swift in Sources */ = {isa = PBXBuildFile; fileRef = 6B2EBE1D26601349003E3784 /* ArmazenamentoViagens.swift */; };
		6B2EBE202660138B003E3784 /* Viagem.swift in Sources */ = {isa = PBXBuildFile; fileRef = 6B2EBE1F2660138B003E3784 /* Viagem.swift */; };
		6B53836F265EC3A700BECEEC /* AppDelegate.swift in Sources */ = {isa = PBXBuildFile; fileRef = 6B53836E265EC3A700BECEEC /* AppDelegate.swift */; };
		6B538371265EC3A700BECEEC /* SceneDelegate.swift in Sources */ = {isa = PBXBuildFile; fileRef = 6B538370265EC3A700BECEEC /* SceneDelegate.swift */; };
		6B538373265EC3A700BECEEC /* TableViewController.swift in Sources */ = {isa = PBXBuildFile; fileRef = 6B538372265EC3A700BECEEC /* TableViewController.swift */; };
		6B538376265EC3A700BECEEC /* Main.storyboard in Resources */ = {isa = PBXBuildFile; fileRef = 6B538374265EC3A700BECEEC /* Main.storyboard */; };
		6B538378265EC3AB00BECEEC /* Assets.xcassets in Resources */ = {isa = PBXBuildFile; fileRef = 6B538377265EC3AB00BECEEC /* Assets.xcassets */; };
		6B53837B265EC3AB00BECEEC /* LaunchScreen.storyboard in Resources */ = {isa = PBXBuildFile; fileRef = 6B538379265EC3AB00BECEEC /* LaunchScreen.storyboard */; };
		6B538385265EDD9600BECEEC /* MapaViewController.swift in Sources */ = {isa = PBXBuildFile; fileRef = 6B538384265EDD9600BECEEC /* MapaViewController.swift */; };
/* End PBXBuildFile section */

/* Begin PBXFileReference section */
		6B2EBE1D26601349003E3784 /* ArmazenamentoViagens.swift */ = {isa = PBXFileReference; lastKnownFileType = sourcecode.swift; path = ArmazenamentoViagens.swift; sourceTree = "<group>"; };
		6B2EBE1F2660138B003E3784 /* Viagem.swift */ = {isa = PBXFileReference; lastKnownFileType = sourcecode.swift; path = Viagem.swift; sourceTree = "<group>"; };
		6B53836B265EC3A700BECEEC /* Minhas viagens.app */ = {isa = PBXFileReference; explicitFileType = wrapper.application; includeInIndex = 0; path = "Minhas viagens.app"; sourceTree = BUILT_PRODUCTS_DIR; };
		6B53836E265EC3A700BECEEC /* AppDelegate.swift */ = {isa = PBXFileReference; lastKnownFileType = sourcecode.swift; path = AppDelegate.swift; sourceTree = "<group>"; };
		6B538370265EC3A700BECEEC /* SceneDelegate.swift */ = {isa = PBXFileReference; lastKnownFileType = sourcecode.swift; path = SceneDelegate.swift; sourceTree = "<group>"; };
		6B538372265EC3A700BECEEC /* TableViewController.swift */ = {isa = PBXFileReference; lastKnownFileType = sourcecode.swift; path = TableViewController.swift; sourceTree = "<group>"; };
		6B538375265EC3A700BECEEC /* Base */ = {isa = PBXFileReference; lastKnownFileType = file.storyboard; name = Base; path = Base.lproj/Main.storyboard; sourceTree = "<group>"; };
		6B538377265EC3AB00BECEEC /* Assets.xcassets */ = {isa = PBXFileReference; lastKnownFileType = folder.assetcatalog; path = Assets.xcassets; sourceTree = "<group>"; };
		6B53837A265EC3AB00BECEEC /* Base */ = {isa = PBXFileReference; lastKnownFileType = file.storyboard; name = Base; path = Base.lproj/LaunchScreen.storyboard; sourceTree = "<group>"; };
		6B53837C265EC3AB00BECEEC /* Info.plist */ = {isa = PBXFileReference; lastKnownFileType = text.plist.xml; path = Info.plist; sourceTree = "<group>"; };
		6B538384265EDD9600BECEEC /* MapaViewController.swift */ = {isa = PBXFileReference; lastKnownFileType = sourcecode.swift; path = MapaViewController.swift; sourceTree = "<group>"; };
/* End PBXFileReference section */

/* Begin PBXFrameworksBuildPhase section */
		6B538368265EC3A700BECEEC /* Frameworks */ = {
			isa = PBXFrameworksBuildPhase;
			buildActionMask = 2147483647;
			files = (
			);
			runOnlyForDeploymentPostprocessing = 0;
		};
/* End PBXFrameworksBuildPhase section */

/* Begin PBXGroup section */
		6B404CD52661706400DD2152 /* Models */ = {
			isa = PBXGroup;
			children = (
				6B2EBE1D26601349003E3784 /* ArmazenamentoViagens.swift */,
				6B2EBE1F2660138B003E3784 /* Viagem.swift */,
			);
			path = Models;
			sourceTree = "<group>";
		};
		6B404CD62661707600DD2152 /* Mapa */ = {
			isa = PBXGroup;
			children = (
				6B404CD82661709000DD2152 /* View */,
				6B404CD72661707E00DD2152 /* Controller */,
			);
			path = Mapa;
			sourceTree = "<group>";
		};
		6B404CD72661707E00DD2152 /* Controller */ = {
			isa = PBXGroup;
			children = (
				6B538384265EDD9600BECEEC /* MapaViewController.swift */,
			);
			path = Controller;
			sourceTree = "<group>";
		};
		6B404CD82661709000DD2152 /* View */ = {
			isa = PBXGroup;
			children = (
			);
			path = View;
			sourceTree = "<group>";
		};
		6B404CD9266170AC00DD2152 /* Home */ = {
			isa = PBXGroup;
			children = (
				6B404CDA266170B400DD2152 /* Controller */,
			);
			path = Home;
			sourceTree = "<group>";
		};
		6B404CDA266170B400DD2152 /* Controller */ = {
			isa = PBXGroup;
			children = (
				6B538372265EC3A700BECEEC /* TableViewController.swift */,
			);
			path = Controller;
			sourceTree = "<group>";
		};
		6B538362265EC3A700BECEEC = {
			isa = PBXGroup;
			children = (
				6B53836D265EC3A700BECEEC /* Minhas viagens */,
				6B53836C265EC3A700BECEEC /* Products */,
			);
			sourceTree = "<group>";
		};
		6B53836C265EC3A700BECEEC /* Products */ = {
			isa = PBXGroup;
			children = (
				6B53836B265EC3A700BECEEC /* Minhas viagens.app */,
			);
			name = Products;
			sourceTree = "<group>";
		};
		6B53836D265EC3A700BECEEC /* Minhas viagens */ = {
			isa = PBXGroup;
			children = (
				6B404CD9266170AC00DD2152 /* Home */,
				6B404CD62661707600DD2152 /* Mapa */,
				6B404CD52661706400DD2152 /* Models */,
				6B53836E265EC3A700BECEEC /* AppDelegate.swift */,
				6B538370265EC3A700BECEEC /* SceneDelegate.swift */,
				6B538374265EC3A700BECEEC /* Main.storyboard */,
				6B538377265EC3AB00BECEEC /* Assets.xcassets */,
				6B538379265EC3AB00BECEEC /* LaunchScreen.storyboard */,
				6B53837C265EC3AB00BECEEC /* Info.plist */,
			);
			path = "Minhas viagens";
			sourceTree = "<group>";
		};
/* End PBXGroup section */

/* Begin PBXNativeTarget section */
		6B53836A265EC3A700BECEEC /* Minhas viagens */ = {
			isa = PBXNativeTarget;
			buildConfigurationList = 6B53837F265EC3AB00BECEEC /* Build configuration list for PBXNativeTarget "Minhas viagens" */;
			buildPhases = (
				6B538367265EC3A700BECEEC /* Sources */,
				6B538368265EC3A700BECEEC /* Frameworks */,
				6B538369265EC3A700BECEEC /* Resources */,
			);
			buildRules = (
			);
			dependencies = (
			);
			name = "Minhas viagens";
			productName = "Minhas viagens";
			productReference = 6B53836B265EC3A700BECEEC /* Minhas viagens.app */;
			productType = "com.apple.product-type.application";
		};
/* End PBXNativeTarget section */

/* Begin PBXProject section */
		6B538363265EC3A700BECEEC /* Project object */ = {
			isa = PBXProject;
			attributes = {
				LastSwiftUpdateCheck = 1250;
				LastUpgradeCheck = 1250;
				TargetAttributes = {
					6B53836A265EC3A700BECEEC = {
						CreatedOnToolsVersion = 12.5;
					};
				};
			};
			buildConfigurationList = 6B538366265EC3A700BECEEC /* Build configuration list for PBXProject "Minhas viagens" */;
			compatibilityVersion = "Xcode 9.3";
			developmentRegion = en;
			hasScannedForEncodings = 0;
			knownRegions = (
				en,
				Base,
			);
			mainGroup = 6B538362265EC3A700BECEEC;
			productRefGroup = 6B53836C265EC3A700BECEEC /* Products */;
			projectDirPath = "";
			projectRoot = "";
			targets = (
				6B53836A265EC3A700BECEEC /* Minhas viagens */,
			);
		};
/* End PBXProject section */

/* Begin PBXResourcesBuildPhase section */
		6B538369265EC3A700BECEEC /* Resources */ = {
			isa = PBXResourcesBuildPhase;
			buildActionMask = 2147483647;
			files = (
				6B53837B265EC3AB00BECEEC /* LaunchScreen.storyboard in Resources */,
				6B538378265EC3AB00BECEEC /* Assets.xcassets in Resources */,
				6B538376265EC3A700BECEEC /* Main.storyboard in Resources */,
			);
			runOnlyForDeploymentPostprocessing = 0;
		};
/* End PBXResourcesBuildPhase section */

/* Begin PBXSourcesBuildPhase section */
		6B538367265EC3A700BECEEC /* Sources */ = {
			isa = PBXSourcesBuildPhase;
			buildActionMask = 2147483647;
			files = (
				6B538373265EC3A700BECEEC /* TableViewController.swift in Sources */,
				6B538385265EDD9600BECEEC /* MapaViewController.swift in Sources */,
				6B53836F265EC3A700BECEEC /* AppDelegate.swift in Sources */,
				6B2EBE1E26601349003E3784 /* ArmazenamentoViagens.swift in Sources */,
				6B2EBE202660138B003E3784 /* Viagem.swift in Sources */,
				6B538371265EC3A700BECEEC /* SceneDelegate.swift in Sources */,
			);
			runOnlyForDeploymentPostprocessing = 0;
		};
/* End PBXSourcesBuildPhase section */

/* Begin PBXVariantGroup section */
		6B538374265EC3A700BECEEC /* Main.storyboard */ = {
			isa = PBXVariantGroup;
			children = (
				6B538375265EC3A700BECEEC /* Base */,
			);
			name = Main.storyboard;
			sourceTree = "<group>";
		};
		6B538379265EC3AB00BECEEC /* LaunchScreen.storyboard */ = {
			isa = PBXVariantGroup;
			children = (
				6B53837A265EC3AB00BECEEC /* Base */,
			);
			name = LaunchScreen.storyboard;
			sourceTree = "<group>";
		};
/* End PBXVariantGroup section */

/* Begin XCBuildConfiguration section */
		6B53837D265EC3AB00BECEEC /* Debug */ = {
			isa = XCBuildConfiguration;
			buildSettings = {
				ALWAYS_SEARCH_USER_PATHS = NO;
				CLANG_ANALYZER_NONNULL = YES;
				CLANG_ANALYZER_NUMBER_OBJECT_CONVERSION = YES_AGGRESSIVE;
				CLANG_CXX_LANGUAGE_STANDARD = "gnu++14";
				CLANG_CXX_LIBRARY = "libc++";
				CLANG_ENABLE_MODULES = YES;
				CLANG_ENABLE_OBJC_ARC = YES;
				CLANG_ENABLE_OBJC_WEAK = YES;
				CLANG_WARN_BLOCK_CAPTURE_AUTORELEASING = YES;
				CLANG_WARN_BOOL_CONVERSION = YES;
				CLANG_WARN_COMMA = YES;
				CLANG_WARN_CONSTANT_CONVERSION = YES;
				CLANG_WARN_DEPRECATED_OBJC_IMPLEMENTATIONS = YES;
				CLANG_WARN_DIRECT_OBJC_ISA_USAGE = YES_ERROR;
				CLANG_WARN_DOCUMENTATION_COMMENTS = YES;
				CLANG_WARN_EMPTY_BODY = YES;
				CLANG_WARN_ENUM_CONVERSION = YES;
				CLANG_WARN_INFINITE_RECURSION = YES;
				CLANG_WARN_INT_CONVERSION = YES;
				CLANG_WARN_NON_LITERAL_NULL_CONVERSION = YES;
				CLANG_WARN_OBJC_IMPLICIT_RETAIN_SELF = YES;
				CLANG_WARN_OBJC_LITERAL_CONVERSION = YES;
				CLANG_WARN_OBJC_ROOT_CLASS = YES_ERROR;
				CLANG_WARN_QUOTED_INCLUDE_IN_FRAMEWORK_HEADER = YES;
				CLANG_WARN_RANGE_LOOP_ANALYSIS = YES;
				CLANG_WARN_STRICT_PROTOTYPES = YES;
				CLANG_WARN_SUSPICIOUS_MOVE = YES;
				CLANG_WARN_UNGUARDED_AVAILABILITY = YES_AGGRESSIVE;
				CLANG_WARN_UNREACHABLE_CODE = YES;
				CLANG_WARN__DUPLICATE_METHOD_MATCH = YES;
				COPY_PHASE_STRIP = NO;
				DEBUG_INFORMATION_FORMAT = dwarf;
				ENABLE_STRICT_OBJC_MSGSEND = YES;
				ENABLE_TESTABILITY = YES;
				GCC_C_LANGUAGE_STANDARD = gnu11;
				GCC_DYNAMIC_NO_PIC = NO;
				GCC_NO_COMMON_BLOCKS = YES;
				GCC_OPTIMIZATION_LEVEL = 0;
				GCC_PREPROCESSOR_DEFINITIONS = (
					"DEBUG=1",
					"$(inherited)",
				);
				GCC_WARN_64_TO_32_BIT_CONVERSION = YES;
				GCC_WARN_ABOUT_RETURN_TYPE = YES_ERROR;
				GCC_WARN_UNDECLARED_SELECTOR = YES;
				GCC_WARN_UNINITIALIZED_AUTOS = YES_AGGRESSIVE;
				GCC_WARN_UNUSED_FUNCTION = YES;
				GCC_WARN_UNUSED_VARIABLE = YES;
				IPHONEOS_DEPLOYMENT_TARGET = 14.5;
				MTL_ENABLE_DEBUG_INFO = INCLUDE_SOURCE;
				MTL_FAST_MATH = YES;
				ONLY_ACTIVE_ARCH = YES;
				SDKROOT = iphoneos;
				SWIFT_ACTIVE_COMPILATION_CONDITIONS = DEBUG;
				SWIFT_OPTIMIZATION_LEVEL = "-Onone";
			};
			name = Debug;
		};
		6B53837E265EC3AB00BECEEC /* Release */ = {
			isa = XCBuildConfiguration;
			buildSettings = {
				ALWAYS_SEARCH_USER_PATHS = NO;
				CLANG_ANALYZER_NONNULL = YES;
				CLANG_ANALYZER_NUMBER_OBJECT_CONVERSION = YES_AGGRESSIVE;
				CLANG_CXX_LANGUAGE_STANDARD = "gnu++14";
				CLANG_CXX_LIBRARY = "libc++";
				CLANG_ENABLE_MODULES = YES;
				CLANG_ENABLE_OBJC_ARC = YES;
				CLANG_ENABLE_OBJC_WEAK = YES;
				CLANG_WARN_BLOCK_CAPTURE_AUTORELEASING = YES;
				CLANG_WARN_BOOL_CONVERSION = YES;
				CLANG_WARN_COMMA = YES;
				CLANG_WARN_CONSTANT_CONVERSION = YES;
				CLANG_WARN_DEPRECATED_OBJC_IMPLEMENTATIONS = YES;
				CLANG_WARN_DIRECT_OBJC_ISA_USAGE = YES_ERROR;
				CLANG_WARN_DOCUMENTATION_COMMENTS = YES;
				CLANG_WARN_EMPTY_BODY = YES;
				CLANG_WARN_ENUM_CONVERSION = YES;
				CLANG_WARN_INFINITE_RECURSION = YES;
				CLANG_WARN_INT_CONVERSION = YES;
				CLANG_WARN_NON_LITERAL_NULL_CONVERSION = YES;
				CLANG_WARN_OBJC_IMPLICIT_RETAIN_SELF = YES;
				CLANG_WARN_OBJC_LITERAL_CONVERSION = YES;
				CLANG_WARN_OBJC_ROOT_CLASS = YES_ERROR;
				CLANG_WARN_QUOTED_INCLUDE_IN_FRAMEWORK_HEADER = YES;
				CLANG_WARN_RANGE_LOOP_ANALYSIS = YES;
				CLANG_WARN_STRICT_PROTOTYPES = YES;
				CLANG_WARN_SUSPICIOUS_MOVE = YES;
				CLANG_WARN_UNGUARDED_AVAILABILITY = YES_AGGRESSIVE;
				CLANG_WARN_UNREACHABLE_CODE = YES;
				CLANG_WARN__DUPLICATE_METHOD_MATCH = YES;
				COPY_PHASE_STRIP = NO;
				DEBUG_INFORMATION_FORMAT = "dwarf-with-dsym";
				ENABLE_NS_ASSERTIONS = NO;
				ENABLE_STRICT_OBJC_MSGSEND = YES;
				GCC_C_LANGUAGE_STANDARD = gnu11;
				GCC_NO_COMMON_BLOCKS = YES;
				GCC_WARN_64_TO_32_BIT_CONVERSION = YES;
				GCC_WARN_ABOUT_RETURN_TYPE = YES_ERROR;
				GCC_WARN_UNDECLARED_SELECTOR = YES;
				GCC_WARN_UNINITIALIZED_AUTOS = YES_AGGRESSIVE;
				GCC_WARN_UNUSED_FUNCTION = YES;
				GCC_WARN_UNUSED_VARIABLE = YES;
				IPHONEOS_DEPLOYMENT_TARGET = 14.5;
				MTL_ENABLE_DEBUG_INFO = NO;
				MTL_FAST_MATH = YES;
				SDKROOT = iphoneos;
				SWIFT_COMPILATION_MODE = wholemodule;
				SWIFT_OPTIMIZATION_LEVEL = "-O";
				VALIDATE_PRODUCT = YES;
			};
			name = Release;
		};
		6B538380265EC3AB00BECEEC /* Debug */ = {
			isa = XCBuildConfiguration;
			buildSettings = {
				ASSETCATALOG_COMPILER_APPICON_NAME = AppIcon;
				ASSETCATALOG_COMPILER_GLOBAL_ACCENT_COLOR_NAME = AccentColor;
				CODE_SIGN_STYLE = Automatic;
				DEVELOPMENT_TEAM = NFPHM2DXPD;
				INFOPLIST_FILE = "Minhas viagens/Info.plist";
				LD_RUNPATH_SEARCH_PATHS = (
					"$(inherited)",
					"@executable_path/Frameworks",
				);
				PRODUCT_BUNDLE_IDENTIFIER = "com.alura.Minhas-viagens";
				PRODUCT_NAME = "$(TARGET_NAME)";
				SWIFT_VERSION = 5.0;
				TARGETED_DEVICE_FAMILY = "1,2";
			};
			name = Debug;
		};
		6B538381265EC3AB00BECEEC /* Release */ = {
			isa = XCBuildConfiguration;
			buildSettings = {
				ASSETCATALOG_COMPILER_APPICON_NAME = AppIcon;
				ASSETCATALOG_COMPILER_GLOBAL_ACCENT_COLOR_NAME = AccentColor;
				CODE_SIGN_STYLE = Automatic;
				DEVELOPMENT_TEAM = NFPHM2DXPD;
				INFOPLIST_FILE = "Minhas viagens/Info.plist";
				LD_RUNPATH_SEARCH_PATHS = (
					"$(inherited)",
					"@executable_path/Frameworks",
				);
				PRODUCT_BUNDLE_IDENTIFIER = "com.alura.Minhas-viagens";
				PRODUCT_NAME = "$(TARGET_NAME)";
				SWIFT_VERSION = 5.0;
				TARGETED_DEVICE_FAMILY = "1,2";
			};
			name = Release;
		};
/* End XCBuildConfiguration section */

/* Begin XCConfigurationList section */
		6B538366265EC3A700BECEEC /* Build configuration list for PBXProject "Minhas viagens" */ = {
			isa = XCConfigurationList;
			buildConfigurations = (
				6B53837D265EC3AB00BECEEC /* Debug */,
				6B53837E265EC3AB00BECEEC /* Release */,
			);
			defaultConfigurationIsVisible = 0;
			defaultConfigurationName = Release;
		};
		6B53837F265EC3AB00BECEEC /* Build configuration list for PBXNativeTarget "Minhas viagens" */ = {
			isa = XCConfigurationList;
			buildConfigurations = (
				6B538380265EC3AB00BECEEC /* Debug */,
				6B538381265EC3AB00BECEEC /* Release */,
			);
			defaultConfigurationIsVisible = 0;
			defaultConfigurationName = Release;
		};
/* End XCConfigurationList section */
	};
	rootObject = 6B538363265EC3A700BECEEC /* Project object */;
}
